Microsoft Visual Studio Solution File, Format Version 12.00
# Visual Studio Version 17
VisualStudioVersion = 17.3.32825.248
MinimumVisualStudioVersion = 10.0.40219.1
Project("{FAE04EC0-301F-11D3-BF4B-00C04F79EFBC}") = "Json.Masker.Tests", "tests\Json.Masker.Tests\Json.Masker.Tests.csproj", "{FBAE93B4-3858-4F6A-95DD-0B9E34B8F769}"
EndProject
Project("{2150E333-8FDC-42A3-9474-1A3956D46DE8}") = "Solution Items", "Solution Items", "{E4D7A95D-AEAD-4B22-B232-A3F4705B32B9}"
	ProjectSection(SolutionItems) = preProject
		Directory.Build.props = Directory.Build.props
		Directory.Build.targets = Directory.Build.targets
		global.json = global.json
		LICENSE = LICENSE
		README.md = README.md
		stylecop.json = stylecop.json
		.chglog\config.yml = .chglog\config.yml
		.chglog\CHANGELOG.tpl.md = .chglog\CHANGELOG.tpl.md
	EndProjectSection
EndProject
Project("{2150E333-8FDC-42A3-9474-1A3956D46DE8}") = "Github", "Github", "{36EE7AB1-6AFD-46C9-BDCC-A602637D9ECF}"
	ProjectSection(SolutionItems) = preProject
		.github\dependabot.yml = .github\dependabot.yml
		.github\gitversion.yml = .github\gitversion.yml
	EndProjectSection
EndProject
Project("{2150E333-8FDC-42A3-9474-1A3956D46DE8}") = "workflows", "workflows", "{AD999CF2-18E2-44A8-B456-4A675438047B}"
	ProjectSection(SolutionItems) = preProject
		.github\workflows\on-merge-pr.yml = .github\workflows\on-merge-pr.yml
		.github\workflows\on-pull-request.yml = .github\workflows\on-pull-request.yml
	EndProjectSection
EndProject
Project("{2150E333-8FDC-42A3-9474-1A3956D46DE8}") = "src", "src", "{698242D0-C732-49B2-8FC8-1C973A81A118}"
EndProject
Project("{FAE04EC0-301F-11D3-BF4B-00C04F79EFBC}") = "Json.Masker.Abstract", "src\Json.Masker.Abstract\Json.Masker.Abstract.csproj", "{DB790D93-F19A-453C-9E76-244A66688053}"
EndProject
Project("{FAE04EC0-301F-11D3-BF4B-00C04F79EFBC}") = "Json.Masker.Newtonsoft", "src\Json.Masker.Newtonsoft\Json.Masker.Newtonsoft.csproj", "{CE7232C7-C5B2-4C5F-88B7-3D716DA480DB}"
EndProject
Project("{FAE04EC0-301F-11D3-BF4B-00C04F79EFBC}") = "Json.Masker.SystemTextJson", "src\Json.Masker.SystemTextJson\Json.Masker.SystemTextJson.csproj", "{108192C6-0C5F-43C4-9D93-44C61D19E414}"
EndProject
Project("{2150E333-8FDC-42A3-9474-1A3956D46DE8}") = "benchmarks", "benchmarks", "{586F7D10-EC72-4AA4-9BE7-270D4DA35A2D}"
EndProject
Project("{FAE04EC0-301F-11D3-BF4B-00C04F79EFBC}") = "DefaultMaskerBenchmark", "benchmarks\DefaultMaskerBenchmark\DefaultMaskerBenchmark.csproj", "{E54F0E00-66CB-44F4-B244-80ADB9AFD618}"
EndProject
Global
	GlobalSection(SolutionConfigurationPlatforms) = preSolution
		Debug|Any CPU = Debug|Any CPU
		Release|Any CPU = Release|Any CPU
	EndGlobalSection
	GlobalSection(ProjectConfigurationPlatforms) = postSolution
		{fbae93b4-3858-4f6a-95dd-0b9e34b8f769}.Debug|Any CPU.ActiveCfg = Debug|Any CPU
		{fbae93b4-3858-4f6a-95dd-0b9e34b8f769}.Debug|Any CPU.Build.0 = Debug|Any CPU
		{fbae93b4-3858-4f6a-95dd-0b9e34b8f769}.Release|Any CPU.ActiveCfg = Release|Any CPU
		{fbae93b4-3858-4f6a-95dd-0b9e34b8f769}.Release|Any CPU.Build.0 = Release|Any CPU
		{DB790D93-F19A-453C-9E76-244A66688053}.Debug|Any CPU.ActiveCfg = Debug|Any CPU
		{DB790D93-F19A-453C-9E76-244A66688053}.Debug|Any CPU.Build.0 = Debug|Any CPU
		{DB790D93-F19A-453C-9E76-244A66688053}.Release|Any CPU.ActiveCfg = Release|Any CPU
		{DB790D93-F19A-453C-9E76-244A66688053}.Release|Any CPU.Build.0 = Release|Any CPU
		{CE7232C7-C5B2-4C5F-88B7-3D716DA480DB}.Debug|Any CPU.ActiveCfg = Debug|Any CPU
		{CE7232C7-C5B2-4C5F-88B7-3D716DA480DB}.Debug|Any CPU.Build.0 = Debug|Any CPU
		{CE7232C7-C5B2-4C5F-88B7-3D716DA480DB}.Release|Any CPU.ActiveCfg = Release|Any CPU
		{CE7232C7-C5B2-4C5F-88B7-3D716DA480DB}.Release|Any CPU.Build.0 = Release|Any CPU
		{108192C6-0C5F-43C4-9D93-44C61D19E414}.Debug|Any CPU.ActiveCfg = Debug|Any CPU
		{108192C6-0C5F-43C4-9D93-44C61D19E414}.Debug|Any CPU.Build.0 = Debug|Any CPU
		{108192C6-0C5F-43C4-9D93-44C61D19E414}.Release|Any CPU.ActiveCfg = Release|Any CPU
		{108192C6-0C5F-43C4-9D93-44C61D19E414}.Release|Any CPU.Build.0 = Release|Any CPU
		{E54F0E00-66CB-44F4-B244-80ADB9AFD618}.Debug|Any CPU.ActiveCfg = Debug|Any CPU
		{E54F0E00-66CB-44F4-B244-80ADB9AFD618}.Debug|Any CPU.Build.0 = Debug|Any CPU
		{E54F0E00-66CB-44F4-B244-80ADB9AFD618}.Release|Any CPU.ActiveCfg = Release|Any CPU
		{E54F0E00-66CB-44F4-B244-80ADB9AFD618}.Release|Any CPU.Build.0 = Release|Any CPU
	EndGlobalSection
	GlobalSection(SolutionProperties) = preSolution
		HideSolutionNode = FALSE
	EndGlobalSection
	GlobalSection(NestedProjects) = preSolution
		{36EE7AB1-6AFD-46C9-BDCC-A602637D9ECF} = {E4D7A95D-AEAD-4B22-B232-A3F4705B32B9}
		{AD999CF2-18E2-44A8-B456-4A675438047B} = {36EE7AB1-6AFD-46C9-BDCC-A602637D9ECF}
		{DB790D93-F19A-453C-9E76-244A66688053} = {698242D0-C732-49B2-8FC8-1C973A81A118}
		{CE7232C7-C5B2-4C5F-88B7-3D716DA480DB} = {698242D0-C732-49B2-8FC8-1C973A81A118}
		{108192C6-0C5F-43C4-9D93-44C61D19E414} = {698242D0-C732-49B2-8FC8-1C973A81A118}
		{E54F0E00-66CB-44F4-B244-80ADB9AFD618} = {586F7D10-EC72-4AA4-9BE7-270D4DA35A2D}
	EndGlobalSection
	GlobalSection(ExtensibilityGlobals) = postSolution
		SolutionGuid = {3B2F59F0-7149-4FF1-BF84-43FFFBC1622E}
	EndGlobalSection
EndGlobal
